
Microsoft Visual Studio Solution File, Format Version 12.00
# Visual Studio Version 17
VisualStudioVersion = 17.7.34202.233
MinimumVisualStudioVersion = 10.0.40219.1
Project("{2150E333-8FDC-42A3-9474-1A3956D46DE8}") = "src", "src", "{96FCCCA2-8173-4BF1-91BB-7BDAE6861FFA}"
EndProject
Project("{2150E333-8FDC-42A3-9474-1A3956D46DE8}") = "tests", "tests", "{2478704B-C76B-4442-9AE8-BFDFE9F0F878}"
EndProject
Project("{FAE04EC0-301F-11D3-BF4B-00C04F79EFBC}") = "RocketseatAuction.API", "src\RocketseatAuction.API\RocketseatAuction.API.csproj", "{A30C03E2-F50A-485E-A208-13CFE6801DB0}"
EndProject
Global
	GlobalSection(SolutionConfigurationPlatforms) = preSolution
		Debug|Any CPU = Debug|Any CPU
		Release|Any CPU = Release|Any CPU
	EndGlobalSection
	GlobalSection(ProjectConfigurationPlatforms) = postSolution
		{A30C03E2-F50A-485E-A208-13CFE6801DB0}.Debug|Any CPU.ActiveCfg = Debug|Any CPU
		{A30C03E2-F50A-485E-A208-13CFE6801DB0}.Debug|Any CPU.Build.0 = Debug|Any CPU
		{A30C03E2-F50A-485E-A208-13CFE6801DB0}.Release|Any CPU.ActiveCfg = Release|Any CPU
		{A30C03E2-F50A-485E-A208-13CFE6801DB0}.Release|Any CPU.Build.0 = Release|Any CPU
	EndGlobalSection
	GlobalSection(SolutionProperties) = preSolution
		HideSolutionNode = FALSE
	EndGlobalSection
	GlobalSection(NestedProjects) = preSolution
		{A30C03E2-F50A-485E-A208-13CFE6801DB0} = {96FCCCA2-8173-4BF1-91BB-7BDAE6861FFA}
	EndGlobalSection
	GlobalSection(ExtensibilityGlobals) = postSolution
		SolutionGuid = {C0564E8C-4100-4ADB-8BF7-3EA4AA46AE23}
	EndGlobalSection
EndGlobal
